// !$*UTF8*$!
{
	archiveVersion = 1;
	classes = {
	};
	objectVersion = 50;
	objects = {

/* Begin PBXBuildFile section */
		8430A3B32458C1D70059A47C /* AppDelegate.swift in Sources */ = {isa = PBXBuildFile; fileRef = 8430A3B22458C1D70059A47C /* AppDelegate.swift */; };
		8430A3B72458C1D70059A47C /* ViewController.swift in Sources */ = {isa = PBXBuildFile; fileRef = 8430A3B62458C1D70059A47C /* ViewController.swift */; };
		8430A3BC2458C1D80059A47C /* Assets.xcassets in Resources */ = {isa = PBXBuildFile; fileRef = 8430A3BB2458C1D80059A47C /* Assets.xcassets */; };
		8430A3BF2458C1D80059A47C /* LaunchScreen.storyboard in Resources */ = {isa = PBXBuildFile; fileRef = 8430A3BD2458C1D80059A47C /* LaunchScreen.storyboard */; };
		8430A3CF2458CA760059A47C /* FactoryMethod.swift in Sources */ = {isa = PBXBuildFile; fileRef = 8430A3CE2458CA760059A47C /* FactoryMethod.swift */; };
		8430A3D12458CA940059A47C /* Pattern.swift in Sources */ = {isa = PBXBuildFile; fileRef = 8430A3D02458CA940059A47C /* Pattern.swift */; };
		845BA31424A9261700972895 /* Prototype.swift in Sources */ = {isa = PBXBuildFile; fileRef = 845BA31324A9261700972895 /* Prototype.swift */; };
		848A2F62248C346500E4F618 /* Caring.swift in Sources */ = {isa = PBXBuildFile; fileRef = 848A2F61248C346500E4F618 /* Caring.swift */; };
		848A2F64248C348A00E4F618 /* Eatable.swift in Sources */ = {isa = PBXBuildFile; fileRef = 848A2F63248C348A00E4F618 /* Eatable.swift */; };
		848D2A1F249FBD2800C3E793 /* FamilyBuilder.swift in Sources */ = {isa = PBXBuildFile; fileRef = 848D2A1E249FBD2800C3E793 /* FamilyBuilder.swift */; };
		848D2A21249FC3E500C3E793 /* Builder.swift in Sources */ = {isa = PBXBuildFile; fileRef = 848D2A20249FC3E500C3E793 /* Builder.swift */; };
		848D2A23249FD9E400C3E793 /* About.swift in Sources */ = {isa = PBXBuildFile; fileRef = 848D2A22249FD9E400C3E793 /* About.swift */; };
		848D2A25249FD9FF00C3E793 /* SimpleFamily.swift in Sources */ = {isa = PBXBuildFile; fileRef = 848D2A24249FD9FF00C3E793 /* SimpleFamily.swift */; };
		848D2A27249FDA2000C3E793 /* SimpleFamilyBuilder.swift in Sources */ = {isa = PBXBuildFile; fileRef = 848D2A26249FDA2000C3E793 /* SimpleFamilyBuilder.swift */; };
		848D2A29249FDA4F00C3E793 /* Child.swift in Sources */ = {isa = PBXBuildFile; fileRef = 848D2A28249FDA4F00C3E793 /* Child.swift */; };
		848D2A2B249FDA6900C3E793 /* OneParentFamily.swift in Sources */ = {isa = PBXBuildFile; fileRef = 848D2A2A249FDA6900C3E793 /* OneParentFamily.swift */; };
		848D2A2D249FDA8100C3E793 /* OneParentFamilyBuilder.swift in Sources */ = {isa = PBXBuildFile; fileRef = 848D2A2C249FDA8100C3E793 /* OneParentFamilyBuilder.swift */; };
		848D2A2F249FDAC000C3E793 /* Parent.swift in Sources */ = {isa = PBXBuildFile; fileRef = 848D2A2E249FDAC000C3E793 /* Parent.swift */; };
		848DA933248ED3A600FCD4A2 /* Singleton.swift in Sources */ = {isa = PBXBuildFile; fileRef = 848DA932248ED3A600FCD4A2 /* Singleton.swift */; };
		848DA935248ED56100FCD4A2 /* Family.swift in Sources */ = {isa = PBXBuildFile; fileRef = 848DA934248ED56100FCD4A2 /* Family.swift */; };
		84BF2AFF2486E3EB00C4D77A /* AbstractFactory.swift in Sources */ = {isa = PBXBuildFile; fileRef = 84BF2AFE2486E3EB00C4D77A /* AbstractFactory.swift */; };
		84CAF50E245DDF5E00FD0620 /* Toy.swift in Sources */ = {isa = PBXBuildFile; fileRef = 84CAF50D245DDF5E00FD0620 /* Toy.swift */; };
		84CAF510245DDF9700FD0620 /* ToyShop.swift in Sources */ = {isa = PBXBuildFile; fileRef = 84CAF50F245DDF9700FD0620 /* ToyShop.swift */; };
		F51C210B24BE2677004539F4 /* Adapter.swift in Sources */ = {isa = PBXBuildFile; fileRef = F51C210A24BE2677004539F4 /* Adapter.swift */; };
		F51C210D24BE31BC004539F4 /* RespondConverter.swift in Sources */ = {isa = PBXBuildFile; fileRef = F51C210C24BE31BC004539F4 /* RespondConverter.swift */; };
		F51C210F24BE31DA004539F4 /* BabyResponding.swift in Sources */ = {isa = PBXBuildFile; fileRef = F51C210E24BE31DA004539F4 /* BabyResponding.swift */; };
		F51C211124BE31EE004539F4 /* Baby.swift in Sources */ = {isa = PBXBuildFile; fileRef = F51C211024BE31EE004539F4 /* Baby.swift */; };
		F51C211324BE3205004539F4 /* Responding.swift in Sources */ = {isa = PBXBuildFile; fileRef = F51C211224BE3205004539F4 /* Responding.swift */; };
		F51C211524BE323D004539F4 /* BabyRespondAdapter.swift in Sources */ = {isa = PBXBuildFile; fileRef = F51C211424BE323D004539F4 /* BabyRespondAdapter.swift */; };
		F55EE34C253C9D8200A5A242 /* Facade.swift in Sources */ = {isa = PBXBuildFile; fileRef = F55EE34B253C9D8200A5A242 /* Facade.swift */; };
		F55EE34E253CBD6400A5A242 /* Shop.swift in Sources */ = {isa = PBXBuildFile; fileRef = F55EE34D253CBD6400A5A242 /* Shop.swift */; };
		F55EE350253CBD8800A5A242 /* ShoppingMallManaging.swift in Sources */ = {isa = PBXBuildFile; fileRef = F55EE34F253CBD8800A5A242 /* ShoppingMallManaging.swift */; };
		F55EE352253CBDA200A5A242 /* SignboardDepartment.swift in Sources */ = {isa = PBXBuildFile; fileRef = F55EE351253CBDA200A5A242 /* SignboardDepartment.swift */; };
		F55EE354253CDD7E00A5A242 /* ShoppingMallManager.swift in Sources */ = {isa = PBXBuildFile; fileRef = F55EE353253CDD7E00A5A242 /* ShoppingMallManager.swift */; };
		F566E40C252A1F8400183D73 /* Bridge.swift in Sources */ = {isa = PBXBuildFile; fileRef = F566E40B252A1F8400183D73 /* Bridge.swift */; };
		F566E40E252A4FAB00183D73 /* ShoppingMall.swift in Sources */ = {isa = PBXBuildFile; fileRef = F566E40D252A4FAB00183D73 /* ShoppingMall.swift */; };
		F566E410252A4FC200183D73 /* Bestsellers.swift in Sources */ = {isa = PBXBuildFile; fileRef = F566E40F252A4FC200183D73 /* Bestsellers.swift */; };
		F566E412252A5B5800183D73 /* ShoppingMallService.swift in Sources */ = {isa = PBXBuildFile; fileRef = F566E411252A5B5800183D73 /* ShoppingMallService.swift */; };
		F5C66B2A2517DB840033613B /* Decorator.swift in Sources */ = {isa = PBXBuildFile; fileRef = F5C66B292517DB840033613B /* Decorator.swift */; };
		F5C66B2C2517E10F0033613B /* FamilyFinancesCounting.swift in Sources */ = {isa = PBXBuildFile; fileRef = F5C66B2B2517E10F0033613B /* FamilyFinancesCounting.swift */; };
		F5C66B2E2517E1250033613B /* FamilyFinances.swift in Sources */ = {isa = PBXBuildFile; fileRef = F5C66B2D2517E1250033613B /* FamilyFinances.swift */; };
		F5C66B302517E19F0033613B /* Shopping.swift in Sources */ = {isa = PBXBuildFile; fileRef = F5C66B2F2517E19F0033613B /* Shopping.swift */; };
		F5C66B322517E1D00033613B /* Father.swift in Sources */ = {isa = PBXBuildFile; fileRef = F5C66B312517E1D00033613B /* Father.swift */; };
/* End PBXBuildFile section */

/* Begin PBXFileReference section */
		8430A3AF2458C1D70059A47C /* DesignPatterns.app */ = {isa = PBXFileReference; explicitFileType = wrapper.application; includeInIndex = 0; path = DesignPatterns.app; sourceTree = BUILT_PRODUCTS_DIR; };
		8430A3B22458C1D70059A47C /* AppDelegate.swift */ = {isa = PBXFileReference; lastKnownFileType = sourcecode.swift; path = AppDelegate.swift; sourceTree = "<group>"; };
		8430A3B62458C1D70059A47C /* ViewController.swift */ = {isa = PBXFileReference; lastKnownFileType = sourcecode.swift; path = ViewController.swift; sourceTree = "<group>"; };
		8430A3BB2458C1D80059A47C /* Assets.xcassets */ = {isa = PBXFileReference; lastKnownFileType = folder.assetcatalog; path = Assets.xcassets; sourceTree = "<group>"; };
		8430A3BE2458C1D80059A47C /* Base */ = {isa = PBXFileReference; lastKnownFileType = file.storyboard; name = Base; path = Base.lproj/LaunchScreen.storyboard; sourceTree = "<group>"; };
		8430A3C02458C1D80059A47C /* Info.plist */ = {isa = PBXFileReference; lastKnownFileType = text.plist.xml; path = Info.plist; sourceTree = "<group>"; };
		8430A3CE2458CA760059A47C /* FactoryMethod.swift */ = {isa = PBXFileReference; lastKnownFileType = sourcecode.swift; path = FactoryMethod.swift; sourceTree = "<group>"; };
		8430A3D02458CA940059A47C /* Pattern.swift */ = {isa = PBXFileReference; lastKnownFileType = sourcecode.swift; path = Pattern.swift; sourceTree = "<group>"; };
		845BA31324A9261700972895 /* Prototype.swift */ = {isa = PBXFileReference; lastKnownFileType = sourcecode.swift; path = Prototype.swift; sourceTree = "<group>"; };
		848A2F61248C346500E4F618 /* Caring.swift */ = {isa = PBXFileReference; lastKnownFileType = sourcecode.swift; path = Caring.swift; sourceTree = "<group>"; };
		848A2F63248C348A00E4F618 /* Eatable.swift */ = {isa = PBXFileReference; lastKnownFileType = sourcecode.swift; path = Eatable.swift; sourceTree = "<group>"; };
		848D2A1E249FBD2800C3E793 /* FamilyBuilder.swift */ = {isa = PBXFileReference; lastKnownFileType = sourcecode.swift; path = FamilyBuilder.swift; sourceTree = "<group>"; };
		848D2A20249FC3E500C3E793 /* Builder.swift */ = {isa = PBXFileReference; lastKnownFileType = sourcecode.swift; path = Builder.swift; sourceTree = "<group>"; };
		848D2A22249FD9E400C3E793 /* About.swift */ = {isa = PBXFileReference; lastKnownFileType = sourcecode.swift; path = About.swift; sourceTree = "<group>"; };
		848D2A24249FD9FF00C3E793 /* SimpleFamily.swift */ = {isa = PBXFileReference; lastKnownFileType = sourcecode.swift; path = SimpleFamily.swift; sourceTree = "<group>"; };
		848D2A26249FDA2000C3E793 /* SimpleFamilyBuilder.swift */ = {isa = PBXFileReference; lastKnownFileType = sourcecode.swift; path = SimpleFamilyBuilder.swift; sourceTree = "<group>"; };
		848D2A28249FDA4F00C3E793 /* Child.swift */ = {isa = PBXFileReference; lastKnownFileType = sourcecode.swift; path = Child.swift; sourceTree = "<group>"; };
		848D2A2A249FDA6900C3E793 /* OneParentFamily.swift */ = {isa = PBXFileReference; lastKnownFileType = sourcecode.swift; path = OneParentFamily.swift; sourceTree = "<group>"; };
		848D2A2C249FDA8100C3E793 /* OneParentFamilyBuilder.swift */ = {isa = PBXFileReference; lastKnownFileType = sourcecode.swift; path = OneParentFamilyBuilder.swift; sourceTree = "<group>"; };
		848D2A2E249FDAC000C3E793 /* Parent.swift */ = {isa = PBXFileReference; lastKnownFileType = sourcecode.swift; path = Parent.swift; sourceTree = "<group>"; };
		848DA932248ED3A600FCD4A2 /* Singleton.swift */ = {isa = PBXFileReference; lastKnownFileType = sourcecode.swift; path = Singleton.swift; sourceTree = "<group>"; };
		848DA934248ED56100FCD4A2 /* Family.swift */ = {isa = PBXFileReference; lastKnownFileType = sourcecode.swift; path = Family.swift; sourceTree = "<group>"; };
		84BF2AFE2486E3EB00C4D77A /* AbstractFactory.swift */ = {isa = PBXFileReference; lastKnownFileType = sourcecode.swift; path = AbstractFactory.swift; sourceTree = "<group>"; };
		84CAF50D245DDF5E00FD0620 /* Toy.swift */ = {isa = PBXFileReference; lastKnownFileType = sourcecode.swift; path = Toy.swift; sourceTree = "<group>"; };
		84CAF50F245DDF9700FD0620 /* ToyShop.swift */ = {isa = PBXFileReference; lastKnownFileType = sourcecode.swift; path = ToyShop.swift; sourceTree = "<group>"; };
		F51C210A24BE2677004539F4 /* Adapter.swift */ = {isa = PBXFileReference; lastKnownFileType = sourcecode.swift; path = Adapter.swift; sourceTree = "<group>"; };
		F51C210C24BE31BC004539F4 /* RespondConverter.swift */ = {isa = PBXFileReference; lastKnownFileType = sourcecode.swift; path = RespondConverter.swift; sourceTree = "<group>"; };
		F51C210E24BE31DA004539F4 /* BabyResponding.swift */ = {isa = PBXFileReference; lastKnownFileType = sourcecode.swift; path = BabyResponding.swift; sourceTree = "<group>"; };
		F51C211024BE31EE004539F4 /* Baby.swift */ = {isa = PBXFileReference; lastKnownFileType = sourcecode.swift; path = Baby.swift; sourceTree = "<group>"; };
		F51C211224BE3205004539F4 /* Responding.swift */ = {isa = PBXFileReference; lastKnownFileType = sourcecode.swift; path = Responding.swift; sourceTree = "<group>"; };
		F51C211424BE323D004539F4 /* BabyRespondAdapter.swift */ = {isa = PBXFileReference; lastKnownFileType = sourcecode.swift; path = BabyRespondAdapter.swift; sourceTree = "<group>"; };
		F55EE34B253C9D8200A5A242 /* Facade.swift */ = {isa = PBXFileReference; lastKnownFileType = sourcecode.swift; path = Facade.swift; sourceTree = "<group>"; };
		F55EE34D253CBD6400A5A242 /* Shop.swift */ = {isa = PBXFileReference; lastKnownFileType = sourcecode.swift; path = Shop.swift; sourceTree = "<group>"; };
		F55EE34F253CBD8800A5A242 /* ShoppingMallManaging.swift */ = {isa = PBXFileReference; lastKnownFileType = sourcecode.swift; path = ShoppingMallManaging.swift; sourceTree = "<group>"; };
		F55EE351253CBDA200A5A242 /* SignboardDepartment.swift */ = {isa = PBXFileReference; lastKnownFileType = sourcecode.swift; path = SignboardDepartment.swift; sourceTree = "<group>"; };
		F55EE353253CDD7E00A5A242 /* ShoppingMallManager.swift */ = {isa = PBXFileReference; lastKnownFileType = sourcecode.swift; path = ShoppingMallManager.swift; sourceTree = "<group>"; };
		F566E40B252A1F8400183D73 /* Bridge.swift */ = {isa = PBXFileReference; lastKnownFileType = sourcecode.swift; path = Bridge.swift; sourceTree = "<group>"; };
		F566E40D252A4FAB00183D73 /* ShoppingMall.swift */ = {isa = PBXFileReference; lastKnownFileType = sourcecode.swift; path = ShoppingMall.swift; sourceTree = "<group>"; };
		F566E40F252A4FC200183D73 /* Bestsellers.swift */ = {isa = PBXFileReference; lastKnownFileType = sourcecode.swift; path = Bestsellers.swift; sourceTree = "<group>"; };
		F566E411252A5B5800183D73 /* ShoppingMallService.swift */ = {isa = PBXFileReference; lastKnownFileType = sourcecode.swift; path = ShoppingMallService.swift; sourceTree = "<group>"; };
		F5C66B292517DB840033613B /* Decorator.swift */ = {isa = PBXFileReference; lastKnownFileType = sourcecode.swift; path = Decorator.swift; sourceTree = "<group>"; };
		F5C66B2B2517E10F0033613B /* FamilyFinancesCounting.swift */ = {isa = PBXFileReference; lastKnownFileType = sourcecode.swift; path = FamilyFinancesCounting.swift; sourceTree = "<group>"; };
		F5C66B2D2517E1250033613B /* FamilyFinances.swift */ = {isa = PBXFileReference; lastKnownFileType = sourcecode.swift; path = FamilyFinances.swift; sourceTree = "<group>"; };
		F5C66B2F2517E19F0033613B /* Shopping.swift */ = {isa = PBXFileReference; lastKnownFileType = sourcecode.swift; path = Shopping.swift; sourceTree = "<group>"; };
		F5C66B312517E1D00033613B /* Father.swift */ = {isa = PBXFileReference; lastKnownFileType = sourcecode.swift; path = Father.swift; sourceTree = "<group>"; };
/* End PBXFileReference section */

/* Begin PBXFrameworksBuildPhase section */
		8430A3AC2458C1D70059A47C /* Frameworks */ = {
			isa = PBXFrameworksBuildPhase;
			buildActionMask = 2147483647;
			files = (
			);
			runOnlyForDeploymentPostprocessing = 0;
		};
/* End PBXFrameworksBuildPhase section */

/* Begin PBXGroup section */
		8430A3A62458C1D60059A47C = {
			isa = PBXGroup;
			children = (
				8430A3B12458C1D70059A47C /* DesignPatterns */,
				8430A3B02458C1D70059A47C /* Products */,
			);
			sourceTree = "<group>";
		};
		8430A3B02458C1D70059A47C /* Products */ = {
			isa = PBXGroup;
			children = (
				8430A3AF2458C1D70059A47C /* DesignPatterns.app */,
			);
			name = Products;
			sourceTree = "<group>";
		};
		8430A3B12458C1D70059A47C /* DesignPatterns */ = {
			isa = PBXGroup;
			children = (
				F55EE34A253C9D7100A5A242 /* Facade */,
				F566E40A252A1F5800183D73 /* Bridge */,
				F5C66B282517DA730033613B /* Decorator */,
				F51C210924BE2664004539F4 /* Adapter */,
				845BA31224A925E100972895 /* Prototype */,
				848D2A1D249FBCEA00C3E793 /* Builder */,
				848DA931248ED38800FCD4A2 /* Singleton */,
				84BF2AFD2486E3C600C4D77A /* AbstractFactory */,
				8430A3C62458C3160059A47C /* FactoryMethod */,
				8430A3B22458C1D70059A47C /* AppDelegate.swift */,
				8430A3B62458C1D70059A47C /* ViewController.swift */,
				8430A3BB2458C1D80059A47C /* Assets.xcassets */,
				8430A3BD2458C1D80059A47C /* LaunchScreen.storyboard */,
				8430A3C02458C1D80059A47C /* Info.plist */,
				8430A3D02458CA940059A47C /* Pattern.swift */,
			);
			path = DesignPatterns;
			sourceTree = "<group>";
		};
		8430A3C62458C3160059A47C /* FactoryMethod */ = {
			isa = PBXGroup;
			children = (
				8430A3CE2458CA760059A47C /* FactoryMethod.swift */,
				84CAF50D245DDF5E00FD0620 /* Toy.swift */,
				84CAF50F245DDF9700FD0620 /* ToyShop.swift */,
				F5C66B2F2517E19F0033613B /* Shopping.swift */,
				F5C66B312517E1D00033613B /* Father.swift */,
			);
			path = FactoryMethod;
			sourceTree = "<group>";
		};
		845BA31224A925E100972895 /* Prototype */ = {
			isa = PBXGroup;
			children = (
				845BA31324A9261700972895 /* Prototype.swift */,
			);
			path = Prototype;
			sourceTree = "<group>";
		};
		848D2A1D249FBCEA00C3E793 /* Builder */ = {
			isa = PBXGroup;
			children = (
				848D2A1E249FBD2800C3E793 /* FamilyBuilder.swift */,
				848D2A20249FC3E500C3E793 /* Builder.swift */,
				848D2A22249FD9E400C3E793 /* About.swift */,
				848D2A24249FD9FF00C3E793 /* SimpleFamily.swift */,
				848D2A26249FDA2000C3E793 /* SimpleFamilyBuilder.swift */,
				848D2A28249FDA4F00C3E793 /* Child.swift */,
				848D2A2A249FDA6900C3E793 /* OneParentFamily.swift */,
				848D2A2C249FDA8100C3E793 /* OneParentFamilyBuilder.swift */,
				848D2A2E249FDAC000C3E793 /* Parent.swift */,
			);
			path = Builder;
			sourceTree = "<group>";
		};
		848DA931248ED38800FCD4A2 /* Singleton */ = {
			isa = PBXGroup;
			children = (
				848DA932248ED3A600FCD4A2 /* Singleton.swift */,
				848DA934248ED56100FCD4A2 /* Family.swift */,
			);
			path = Singleton;
			sourceTree = "<group>";
		};
		84BF2AFD2486E3C600C4D77A /* AbstractFactory */ = {
			isa = PBXGroup;
			children = (
				84BF2AFE2486E3EB00C4D77A /* AbstractFactory.swift */,
				848A2F61248C346500E4F618 /* Caring.swift */,
				848A2F63248C348A00E4F618 /* Eatable.swift */,
			);
			path = AbstractFactory;
			sourceTree = "<group>";
		};
		F51C210924BE2664004539F4 /* Adapter */ = {
			isa = PBXGroup;
			children = (
				F51C210A24BE2677004539F4 /* Adapter.swift */,
				F51C210C24BE31BC004539F4 /* RespondConverter.swift */,
				F51C210E24BE31DA004539F4 /* BabyResponding.swift */,
				F51C211024BE31EE004539F4 /* Baby.swift */,
				F51C211224BE3205004539F4 /* Responding.swift */,
				F51C211424BE323D004539F4 /* BabyRespondAdapter.swift */,
			);
			path = Adapter;
			sourceTree = "<group>";
		};
		F55EE34A253C9D7100A5A242 /* Facade */ = {
			isa = PBXGroup;
			children = (
				F55EE34B253C9D8200A5A242 /* Facade.swift */,
				F55EE34D253CBD6400A5A242 /* Shop.swift */,
				F55EE34F253CBD8800A5A242 /* ShoppingMallManaging.swift */,
				F55EE351253CBDA200A5A242 /* SignboardDepartment.swift */,
				F55EE353253CDD7E00A5A242 /* ShoppingMallManager.swift */,
			);
			path = Facade;
			sourceTree = "<group>";
		};
		F566E40A252A1F5800183D73 /* Bridge */ = {
			isa = PBXGroup;
			children = (
				F566E40F252A4FC200183D73 /* Bestsellers.swift */,
				F566E40B252A1F8400183D73 /* Bridge.swift */,
				F566E40D252A4FAB00183D73 /* ShoppingMall.swift */,
				F566E411252A5B5800183D73 /* ShoppingMallService.swift */,
			);
			path = Bridge;
			sourceTree = "<group>";
		};
		F5C66B282517DA730033613B /* Decorator */ = {
			isa = PBXGroup;
			children = (
				F5C66B292517DB840033613B /* Decorator.swift */,
				F5C66B2B2517E10F0033613B /* FamilyFinancesCounting.swift */,
				F5C66B2D2517E1250033613B /* FamilyFinances.swift */,
			);
			path = Decorator;
			sourceTree = "<group>";
		};
/* End PBXGroup section */

/* Begin PBXNativeTarget section */
		8430A3AE2458C1D70059A47C /* DesignPatterns */ = {
			isa = PBXNativeTarget;
			buildConfigurationList = 8430A3C32458C1D80059A47C /* Build configuration list for PBXNativeTarget "DesignPatterns" */;
			buildPhases = (
				8430A3AB2458C1D70059A47C /* Sources */,
				8430A3AC2458C1D70059A47C /* Frameworks */,
				8430A3AD2458C1D70059A47C /* Resources */,
			);
			buildRules = (
			);
			dependencies = (
			);
			name = DesignPatterns;
			productName = DesignPatterns;
			productReference = 8430A3AF2458C1D70059A47C /* DesignPatterns.app */;
			productType = "com.apple.product-type.application";
		};
/* End PBXNativeTarget section */

/* Begin PBXProject section */
		8430A3A72458C1D60059A47C /* Project object */ = {
			isa = PBXProject;
			attributes = {
				LastSwiftUpdateCheck = 1120;
				LastUpgradeCheck = 1120;
				ORGANIZATIONNAME = "Anna Miksiuk";
				TargetAttributes = {
					8430A3AE2458C1D70059A47C = {
						CreatedOnToolsVersion = 11.2.1;
					};
				};
			};
			buildConfigurationList = 8430A3AA2458C1D60059A47C /* Build configuration list for PBXProject "DesignPatterns" */;
			compatibilityVersion = "Xcode 9.3";
			developmentRegion = en;
			hasScannedForEncodings = 0;
			knownRegions = (
				en,
				Base,
			);
			mainGroup = 8430A3A62458C1D60059A47C;
			productRefGroup = 8430A3B02458C1D70059A47C /* Products */;
			projectDirPath = "";
			projectRoot = "";
			targets = (
				8430A3AE2458C1D70059A47C /* DesignPatterns */,
			);
		};
/* End PBXProject section */

/* Begin PBXResourcesBuildPhase section */
		8430A3AD2458C1D70059A47C /* Resources */ = {
			isa = PBXResourcesBuildPhase;
			buildActionMask = 2147483647;
			files = (
				8430A3BF2458C1D80059A47C /* LaunchScreen.storyboard in Resources */,
				8430A3BC2458C1D80059A47C /* Assets.xcassets in Resources */,
			);
			runOnlyForDeploymentPostprocessing = 0;
		};
/* End PBXResourcesBuildPhase section */

/* Begin PBXSourcesBuildPhase section */
		8430A3AB2458C1D70059A47C /* Sources */ = {
			isa = PBXSourcesBuildPhase;
			buildActionMask = 2147483647;
			files = (
				8430A3B72458C1D70059A47C /* ViewController.swift in Sources */,
				F5C66B322517E1D00033613B /* Father.swift in Sources */,
				848A2F64248C348A00E4F618 /* Eatable.swift in Sources */,
				845BA31424A9261700972895 /* Prototype.swift in Sources */,
				8430A3B32458C1D70059A47C /* AppDelegate.swift in Sources */,
				848D2A1F249FBD2800C3E793 /* FamilyBuilder.swift in Sources */,
				F51C210D24BE31BC004539F4 /* RespondConverter.swift in Sources */,
				F55EE34C253C9D8200A5A242 /* Facade.swift in Sources */,
				848DA933248ED3A600FCD4A2 /* Singleton.swift in Sources */,
				848D2A2D249FDA8100C3E793 /* OneParentFamilyBuilder.swift in Sources */,
				848DA935248ED56100FCD4A2 /* Family.swift in Sources */,
				84CAF50E245DDF5E00FD0620 /* Toy.swift in Sources */,
				848D2A27249FDA2000C3E793 /* SimpleFamilyBuilder.swift in Sources */,
				F5C66B302517E19F0033613B /* Shopping.swift in Sources */,
				848D2A2F249FDAC000C3E793 /* Parent.swift in Sources */,
				848D2A21249FC3E500C3E793 /* Builder.swift in Sources */,
				F5C66B2A2517DB840033613B /* Decorator.swift in Sources */,
				848A2F62248C346500E4F618 /* Caring.swift in Sources */,
				F5C66B2C2517E10F0033613B /* FamilyFinancesCounting.swift in Sources */,
				F51C211324BE3205004539F4 /* Responding.swift in Sources */,
				F566E40E252A4FAB00183D73 /* ShoppingMall.swift in Sources */,
				F51C210F24BE31DA004539F4 /* BabyResponding.swift in Sources */,
				F5C66B2E2517E1250033613B /* FamilyFinances.swift in Sources */,
				848D2A2B249FDA6900C3E793 /* OneParentFamily.swift in Sources */,
				848D2A29249FDA4F00C3E793 /* Child.swift in Sources */,
				F566E40C252A1F8400183D73 /* Bridge.swift in Sources */,
				848D2A23249FD9E400C3E793 /* About.swift in Sources */,
				F566E410252A4FC200183D73 /* Bestsellers.swift in Sources */,
				F55EE350253CBD8800A5A242 /* ShoppingMallManaging.swift in Sources */,
				F566E412252A5B5800183D73 /* ShoppingMallService.swift in Sources */,
				8430A3CF2458CA760059A47C /* FactoryMethod.swift in Sources */,
				F51C210B24BE2677004539F4 /* Adapter.swift in Sources */,
				F51C211524BE323D004539F4 /* BabyRespondAdapter.swift in Sources */,
				F55EE354253CDD7E00A5A242 /* ShoppingMallManager.swift in Sources */,
				F55EE352253CBDA200A5A242 /* SignboardDepartment.swift in Sources */,
				84CAF510245DDF9700FD0620 /* ToyShop.swift in Sources */,
				F55EE34E253CBD6400A5A242 /* Shop.swift in Sources */,
				8430A3D12458CA940059A47C /* Pattern.swift in Sources */,
				848D2A25249FD9FF00C3E793 /* SimpleFamily.swift in Sources */,
				F51C211124BE31EE004539F4 /* Baby.swift in Sources */,
				84BF2AFF2486E3EB00C4D77A /* AbstractFactory.swift in Sources */,
			);
			runOnlyForDeploymentPostprocessing = 0;
		};
/* End PBXSourcesBuildPhase section */

/* Begin PBXVariantGroup section */
		8430A3BD2458C1D80059A47C /* LaunchScreen.storyboard */ = {
			isa = PBXVariantGroup;
			children = (
				8430A3BE2458C1D80059A47C /* Base */,
			);
			name = LaunchScreen.storyboard;
			sourceTree = "<group>";
		};
/* End PBXVariantGroup section */

/* Begin XCBuildConfiguration section */
		8430A3C12458C1D80059A47C /* Debug */ = {
			isa = XCBuildConfiguration;
			buildSettings = {
				ALWAYS_SEARCH_USER_PATHS = NO;
				CLANG_ANALYZER_NONNULL = YES;
				CLANG_ANALYZER_NUMBER_OBJECT_CONVERSION = YES_AGGRESSIVE;
				CLANG_CXX_LANGUAGE_STANDARD = "gnu++14";
				CLANG_CXX_LIBRARY = "libc++";
				CLANG_ENABLE_MODULES = YES;
				CLANG_ENABLE_OBJC_ARC = YES;
				CLANG_ENABLE_OBJC_WEAK = YES;
				CLANG_WARN_BLOCK_CAPTURE_AUTORELEASING = YES;
				CLANG_WARN_BOOL_CONVERSION = YES;
				CLANG_WARN_COMMA = YES;
				CLANG_WARN_CONSTANT_CONVERSION = YES;
				CLANG_WARN_DEPRECATED_OBJC_IMPLEMENTATIONS = YES;
				CLANG_WARN_DIRECT_OBJC_ISA_USAGE = YES_ERROR;
				CLANG_WARN_DOCUMENTATION_COMMENTS = YES;
				CLANG_WARN_EMPTY_BODY = YES;
				CLANG_WARN_ENUM_CONVERSION = YES;
				CLANG_WARN_INFINITE_RECURSION = YES;
				CLANG_WARN_INT_CONVERSION = YES;
				CLANG_WARN_NON_LITERAL_NULL_CONVERSION = YES;
				CLANG_WARN_OBJC_IMPLICIT_RETAIN_SELF = YES;
				CLANG_WARN_OBJC_LITERAL_CONVERSION = YES;
				CLANG_WARN_OBJC_ROOT_CLASS = YES_ERROR;
				CLANG_WARN_RANGE_LOOP_ANALYSIS = YES;
				CLANG_WARN_STRICT_PROTOTYPES = YES;
				CLANG_WARN_SUSPICIOUS_MOVE = YES;
				CLANG_WARN_UNGUARDED_AVAILABILITY = YES_AGGRESSIVE;
				CLANG_WARN_UNREACHABLE_CODE = YES;
				CLANG_WARN__DUPLICATE_METHOD_MATCH = YES;
				COPY_PHASE_STRIP = NO;
				DEBUG_INFORMATION_FORMAT = dwarf;
				ENABLE_STRICT_OBJC_MSGSEND = YES;
				ENABLE_TESTABILITY = YES;
				GCC_C_LANGUAGE_STANDARD = gnu11;
				GCC_DYNAMIC_NO_PIC = NO;
				GCC_NO_COMMON_BLOCKS = YES;
				GCC_OPTIMIZATION_LEVEL = 0;
				GCC_PREPROCESSOR_DEFINITIONS = (
					"DEBUG=1",
					"$(inherited)",
				);
				GCC_WARN_64_TO_32_BIT_CONVERSION = YES;
				GCC_WARN_ABOUT_RETURN_TYPE = YES_ERROR;
				GCC_WARN_UNDECLARED_SELECTOR = YES;
				GCC_WARN_UNINITIALIZED_AUTOS = YES_AGGRESSIVE;
				GCC_WARN_UNUSED_FUNCTION = YES;
				GCC_WARN_UNUSED_VARIABLE = YES;
				IPHONEOS_DEPLOYMENT_TARGET = 13.2;
				MTL_ENABLE_DEBUG_INFO = INCLUDE_SOURCE;
				MTL_FAST_MATH = YES;
				ONLY_ACTIVE_ARCH = YES;
				SDKROOT = iphoneos;
				SWIFT_ACTIVE_COMPILATION_CONDITIONS = DEBUG;
				SWIFT_OPTIMIZATION_LEVEL = "-Onone";
			};
			name = Debug;
		};
		8430A3C22458C1D80059A47C /* Release */ = {
			isa = XCBuildConfiguration;
			buildSettings = {
				ALWAYS_SEARCH_USER_PATHS = NO;
				CLANG_ANALYZER_NONNULL = YES;
				CLANG_ANALYZER_NUMBER_OBJECT_CONVERSION = YES_AGGRESSIVE;
				CLANG_CXX_LANGUAGE_STANDARD = "gnu++14";
				CLANG_CXX_LIBRARY = "libc++";
				CLANG_ENABLE_MODULES = YES;
				CLANG_ENABLE_OBJC_ARC = YES;
				CLANG_ENABLE_OBJC_WEAK = YES;
				CLANG_WARN_BLOCK_CAPTURE_AUTORELEASING = YES;
				CLANG_WARN_BOOL_CONVERSION = YES;
				CLANG_WARN_COMMA = YES;
				CLANG_WARN_CONSTANT_CONVERSION = YES;
				CLANG_WARN_DEPRECATED_OBJC_IMPLEMENTATIONS = YES;
				CLANG_WARN_DIRECT_OBJC_ISA_USAGE = YES_ERROR;
				CLANG_WARN_DOCUMENTATION_COMMENTS = YES;
				CLANG_WARN_EMPTY_BODY = YES;
				CLANG_WARN_ENUM_CONVERSION = YES;
				CLANG_WARN_INFINITE_RECURSION = YES;
				CLANG_WARN_INT_CONVERSION = YES;
				CLANG_WARN_NON_LITERAL_NULL_CONVERSION = YES;
				CLANG_WARN_OBJC_IMPLICIT_RETAIN_SELF = YES;
				CLANG_WARN_OBJC_LITERAL_CONVERSION = YES;
				CLANG_WARN_OBJC_ROOT_CLASS = YES_ERROR;
				CLANG_WARN_RANGE_LOOP_ANALYSIS = YES;
				CLANG_WARN_STRICT_PROTOTYPES = YES;
				CLANG_WARN_SUSPICIOUS_MOVE = YES;
				CLANG_WARN_UNGUARDED_AVAILABILITY = YES_AGGRESSIVE;
				CLANG_WARN_UNREACHABLE_CODE = YES;
				CLANG_WARN__DUPLICATE_METHOD_MATCH = YES;
				COPY_PHASE_STRIP = NO;
				DEBUG_INFORMATION_FORMAT = "dwarf-with-dsym";
				ENABLE_NS_ASSERTIONS = NO;
				ENABLE_STRICT_OBJC_MSGSEND = YES;
				GCC_C_LANGUAGE_STANDARD = gnu11;
				GCC_NO_COMMON_BLOCKS = YES;
				GCC_WARN_64_TO_32_BIT_CONVERSION = YES;
				GCC_WARN_ABOUT_RETURN_TYPE = YES_ERROR;
				GCC_WARN_UNDECLARED_SELECTOR = YES;
				GCC_WARN_UNINITIALIZED_AUTOS = YES_AGGRESSIVE;
				GCC_WARN_UNUSED_FUNCTION = YES;
				GCC_WARN_UNUSED_VARIABLE = YES;
				IPHONEOS_DEPLOYMENT_TARGET = 13.2;
				MTL_ENABLE_DEBUG_INFO = NO;
				MTL_FAST_MATH = YES;
				SDKROOT = iphoneos;
				SWIFT_COMPILATION_MODE = wholemodule;
				SWIFT_OPTIMIZATION_LEVEL = "-O";
				VALIDATE_PRODUCT = YES;
			};
			name = Release;
		};
		8430A3C42458C1D80059A47C /* Debug */ = {
			isa = XCBuildConfiguration;
			buildSettings = {
				ASSETCATALOG_COMPILER_APPICON_NAME = AppIcon;
				CODE_SIGN_STYLE = Automatic;
				INFOPLIST_FILE = DesignPatterns/Info.plist;
				LD_RUNPATH_SEARCH_PATHS = (
					"$(inherited)",
					"@executable_path/Frameworks",
				);
				PRODUCT_BUNDLE_IDENTIFIER = com.annamiksiuk.DesignPatterns;
				PRODUCT_NAME = "$(TARGET_NAME)";
				SWIFT_VERSION = 5.0;
				TARGETED_DEVICE_FAMILY = "1,2";
			};
			name = Debug;
		};
		8430A3C52458C1D80059A47C /* Release */ = {
			isa = XCBuildConfiguration;
			buildSettings = {
				ASSETCATALOG_COMPILER_APPICON_NAME = AppIcon;
				CODE_SIGN_STYLE = Automatic;
				INFOPLIST_FILE = DesignPatterns/Info.plist;
				LD_RUNPATH_SEARCH_PATHS = (
					"$(inherited)",
					"@executable_path/Frameworks",
				);
				PRODUCT_BUNDLE_IDENTIFIER = com.annamiksiuk.DesignPatterns;
				PRODUCT_NAME = "$(TARGET_NAME)";
				SWIFT_VERSION = 5.0;
				TARGETED_DEVICE_FAMILY = "1,2";
			};
			name = Release;
		};
/* End XCBuildConfiguration section */

/* Begin XCConfigurationList section */
		8430A3AA2458C1D60059A47C /* Build configuration list for PBXProject "DesignPatterns" */ = {
			isa = XCConfigurationList;
			buildConfigurations = (
				8430A3C12458C1D80059A47C /* Debug */,
				8430A3C22458C1D80059A47C /* Release */,
			);
			defaultConfigurationIsVisible = 0;
			defaultConfigurationName = Release;
		};
		8430A3C32458C1D80059A47C /* Build configuration list for PBXNativeTarget "DesignPatterns" */ = {
			isa = XCConfigurationList;
			buildConfigurations = (
				8430A3C42458C1D80059A47C /* Debug */,
				8430A3C52458C1D80059A47C /* Release */,
			);
			defaultConfigurationIsVisible = 0;
			defaultConfigurationName = Release;
		};
/* End XCConfigurationList section */
	};
	rootObject = 8430A3A72458C1D60059A47C /* Project object */;
}
